
Microsoft Visual Studio Solution File, Format Version 12.00
# Visual Studio 15
VisualStudioVersion = 15.0.27130.2027
MinimumVisualStudioVersion = 10.0.40219.1
Project("{9A19103F-16F7-4668-BE54-9A1E7A4F7556}") = "RR.CodeAnalyzer", "src\CodeAnalyzer\RR.CodeAnalyzer.csproj", "{1D0DE65C-8076-4AB4-8282-9F972DD208C6}"
EndProject
Project("{9A19103F-16F7-4668-BE54-9A1E7A4F7556}") = "RR.CodeAnalyzer.Test", "src\CodeAnalyzer.Test\RR.CodeAnalyzer.Test.csproj", "{3C25F3FC-8132-49B7-9081-27C847E0BDCC}"
EndProject
Project("{FAE04EC0-301F-11D3-BF4B-00C04F79EFBC}") = "RR.CodeAnalyzer.Vsix", "src\CodeAnalyzer.Vsix\RR.CodeAnalyzer.Vsix.csproj", "{14494CDA-2DB2-4417-B4EC-68A4BFA6C5B6}"
EndProject
Global
	GlobalSection(SolutionConfigurationPlatforms) = preSolution
		Debug|Any CPU = Debug|Any CPU
		Release|Any CPU = Release|Any CPU
	EndGlobalSection
	GlobalSection(ProjectConfigurationPlatforms) = postSolution
		{1D0DE65C-8076-4AB4-8282-9F972DD208C6}.Debug|Any CPU.ActiveCfg = Debug|Any CPU
		{1D0DE65C-8076-4AB4-8282-9F972DD208C6}.Debug|Any CPU.Build.0 = Debug|Any CPU
		{1D0DE65C-8076-4AB4-8282-9F972DD208C6}.Release|Any CPU.ActiveCfg = Release|Any CPU
		{1D0DE65C-8076-4AB4-8282-9F972DD208C6}.Release|Any CPU.Build.0 = Release|Any CPU
		{3C25F3FC-8132-49B7-9081-27C847E0BDCC}.Debug|Any CPU.ActiveCfg = Debug|Any CPU
		{3C25F3FC-8132-49B7-9081-27C847E0BDCC}.Debug|Any CPU.Build.0 = Debug|Any CPU
		{3C25F3FC-8132-49B7-9081-27C847E0BDCC}.Release|Any CPU.ActiveCfg = Release|Any CPU
		{3C25F3FC-8132-49B7-9081-27C847E0BDCC}.Release|Any CPU.Build.0 = Release|Any CPU
		{14494CDA-2DB2-4417-B4EC-68A4BFA6C5B6}.Debug|Any CPU.ActiveCfg = Debug|Any CPU
		{14494CDA-2DB2-4417-B4EC-68A4BFA6C5B6}.Debug|Any CPU.Build.0 = Debug|Any CPU
		{14494CDA-2DB2-4417-B4EC-68A4BFA6C5B6}.Release|Any CPU.ActiveCfg = Release|Any CPU
		{14494CDA-2DB2-4417-B4EC-68A4BFA6C5B6}.Release|Any CPU.Build.0 = Release|Any CPU
	EndGlobalSection
	GlobalSection(SolutionProperties) = preSolution
		HideSolutionNode = FALSE
	EndGlobalSection
	GlobalSection(ExtensibilityGlobals) = postSolution
		SolutionGuid = {690CDF58-5D33-44AF-9239-540BEB4347E1}
	EndGlobalSection
EndGlobal
